
Microsoft Visual Studio Solution File, Format Version 12.00
# Visual Studio 2012
Project("{FAE04EC0-301F-11D3-BF4B-00C04F79EFBC}") = "Tril.DefaultTranslators", "Tril.DefaultTranslators\Tril.DefaultTranslators.csproj", "{146EF073-2C87-469F-B92B-28AC5B4A563B}"
EndProject
Global
	GlobalSection(SolutionConfigurationPlatforms) = preSolution
		Debug|Any CPU = Debug|Any CPU
		Release|Any CPU = Release|Any CPU
	EndGlobalSection
	GlobalSection(ProjectConfigurationPlatforms) = postSolution
		{146EF073-2C87-469F-B92B-28AC5B4A563B}.Debug|Any CPU.ActiveCfg = Debug|Any CPU
		{146EF073-2C87-469F-B92B-28AC5B4A563B}.Debug|Any CPU.Build.0 = Debug|Any CPU
		{146EF073-2C87-469F-B92B-28AC5B4A563B}.Release|Any CPU.ActiveCfg = Release|Any CPU
		{146EF073-2C87-469F-B92B-28AC5B4A563B}.Release|Any CPU.Build.0 = Release|Any CPU
	EndGlobalSection
	GlobalSection(SolutionProperties) = preSolution
		HideSolutionNode = FALSE
	EndGlobalSection
EndGlobal
